
Microsoft Visual Studio Solution File, Format Version 12.00
# Visual Studio Version 16
VisualStudioVersion = 16.0.30309.148
MinimumVisualStudioVersion = 10.0.40219.1
Project("{FAE04EC0-301F-11D3-BF4B-00C04F79EFBC}") = "TestAppAddressBook", "TestAppAddressBook\TestAppAddressBook.csproj", "{F54FFC56-E694-4B3A-8A13-DFFED36EE606}"
EndProject
Global
	GlobalSection(SolutionConfigurationPlatforms) = preSolution
		Debug|Any CPU = Debug|Any CPU
		Release|Any CPU = Release|Any CPU
	EndGlobalSection
	GlobalSection(ProjectConfigurationPlatforms) = postSolution
		{F54FFC56-E694-4B3A-8A13-DFFED36EE606}.Debug|Any CPU.ActiveCfg = Debug|Any CPU
		{F54FFC56-E694-4B3A-8A13-DFFED36EE606}.Debug|Any CPU.Build.0 = Debug|Any CPU
		{F54FFC56-E694-4B3A-8A13-DFFED36EE606}.Release|Any CPU.ActiveCfg = Release|Any CPU
		{F54FFC56-E694-4B3A-8A13-DFFED36EE606}.Release|Any CPU.Build.0 = Release|Any CPU
	EndGlobalSection
	GlobalSection(SolutionProperties) = preSolution
		HideSolutionNode = FALSE
	EndGlobalSection
	GlobalSection(ExtensibilityGlobals) = postSolution
		SolutionGuid = {E6751BE1-3025-4D09-A6A4-CEDCCE64222C}
	EndGlobalSection
EndGlobal
